
Microsoft Visual Studio Solution File, Format Version 12.00
# Visual Studio 14
VisualStudioVersion = 14.0.25420.1
MinimumVisualStudioVersion = 10.0.40219.1
Project("{FAE04EC0-301F-11D3-BF4B-00C04F79EFBC}") = "PathFinding", "PathFinding.csproj", "{3FD9CE75-8C5B-48C5-B60C-9F0D5BA2CA0D}"
EndProject
Global
	GlobalSection(SolutionConfigurationPlatforms) = preSolution
		Debug|Any CPU = Debug|Any CPU
		Release|Any CPU = Release|Any CPU
	EndGlobalSection
	GlobalSection(ProjectConfigurationPlatforms) = postSolution
		{3FD9CE75-8C5B-48C5-B60C-9F0D5BA2CA0D}.Debug|Any CPU.ActiveCfg = Debug|Any CPU
		{3FD9CE75-8C5B-48C5-B60C-9F0D5BA2CA0D}.Debug|Any CPU.Build.0 = Debug|Any CPU
		{3FD9CE75-8C5B-48C5-B60C-9F0D5BA2CA0D}.Release|Any CPU.ActiveCfg = Release|Any CPU
		{3FD9CE75-8C5B-48C5-B60C-9F0D5BA2CA0D}.Release|Any CPU.Build.0 = Release|Any CPU
	EndGlobalSection
	GlobalSection(SolutionProperties) = preSolution
		HideSolutionNode = FALSE
	EndGlobalSection
EndGlobal
